
Microsoft Visual Studio Solution File, Format Version 12.00
# Visual Studio Version 17
VisualStudioVersion = 17.12.35527.113 d17.12
MinimumVisualStudioVersion = 10.0.40219.1
Project("{FAE04EC0-301F-11D3-BF4B-00C04F79EFBC}") = "Aplikacje_Wielookinkowe", "Aplikacje_Wielookinkowe\Aplikacje_Wielookinkowe.csproj", "{72A4CEB5-17D3-45F8-A54B-AF717A908487}"
EndProject
Global
	GlobalSection(SolutionConfigurationPlatforms) = preSolution
		Debug|Any CPU = Debug|Any CPU
		Release|Any CPU = Release|Any CPU
	EndGlobalSection
	GlobalSection(ProjectConfigurationPlatforms) = postSolution
		{72A4CEB5-17D3-45F8-A54B-AF717A908487}.Debug|Any CPU.ActiveCfg = Debug|Any CPU
		{72A4CEB5-17D3-45F8-A54B-AF717A908487}.Debug|Any CPU.Build.0 = Debug|Any CPU
		{72A4CEB5-17D3-45F8-A54B-AF717A908487}.Release|Any CPU.ActiveCfg = Release|Any CPU
		{72A4CEB5-17D3-45F8-A54B-AF717A908487}.Release|Any CPU.Build.0 = Release|Any CPU
	EndGlobalSection
	GlobalSection(SolutionProperties) = preSolution
		HideSolutionNode = FALSE
	EndGlobalSection
EndGlobal
